
Microsoft Visual Studio Solution File, Format Version 12.00
# Visual Studio Version 16
VisualStudioVersion = 16.0.31702.278
MinimumVisualStudioVersion = 10.0.40219.1
Project("{FAE04EC0-301F-11D3-BF4B-00C04F79EFBC}") = "Shpielerij", "Shpielerij\Shpielerij.csproj", "{7167CCF8-2B64-4602-A960-C443BE3319BA}"
EndProject
Project("{FAE04EC0-301F-11D3-BF4B-00C04F79EFBC}") = "TEST", "TEST\TEST.csproj", "{0B6ECAA1-EE74-4966-A8DB-F12433082153}"
EndProject
Global
	GlobalSection(SolutionConfigurationPlatforms) = preSolution
		Debug|Any CPU = Debug|Any CPU
		Release|Any CPU = Release|Any CPU
	EndGlobalSection
	GlobalSection(ProjectConfigurationPlatforms) = postSolution
		{7167CCF8-2B64-4602-A960-C443BE3319BA}.Debug|Any CPU.ActiveCfg = Debug|Any CPU
		{7167CCF8-2B64-4602-A960-C443BE3319BA}.Debug|Any CPU.Build.0 = Debug|Any CPU
		{7167CCF8-2B64-4602-A960-C443BE3319BA}.Release|Any CPU.ActiveCfg = Release|Any CPU
		{7167CCF8-2B64-4602-A960-C443BE3319BA}.Release|Any CPU.Build.0 = Release|Any CPU
		{0B6ECAA1-EE74-4966-A8DB-F12433082153}.Debug|Any CPU.ActiveCfg = Debug|Any CPU
		{0B6ECAA1-EE74-4966-A8DB-F12433082153}.Debug|Any CPU.Build.0 = Debug|Any CPU
		{0B6ECAA1-EE74-4966-A8DB-F12433082153}.Release|Any CPU.ActiveCfg = Release|Any CPU
		{0B6ECAA1-EE74-4966-A8DB-F12433082153}.Release|Any CPU.Build.0 = Release|Any CPU
	EndGlobalSection
	GlobalSection(SolutionProperties) = preSolution
		HideSolutionNode = FALSE
	EndGlobalSection
	GlobalSection(ExtensibilityGlobals) = postSolution
		SolutionGuid = {D56AC970-AB82-4781-B41B-5CB357AAF0EF}
	EndGlobalSection
EndGlobal
