
Microsoft Visual Studio Solution File, Format Version 12.00
# Visual Studio Version 17
VisualStudioVersion = 17.0.31611.283
MinimumVisualStudioVersion = 10.0.40219.1
Project("{9A19103F-16F7-4668-BE54-9A1E7A4F7556}") = "cmpe22-proa-daanvanluijk", "cmpe22-proa-daanvanluijk\cmpe22-proa-daanvanluijk.csproj", "{09C7142B-0CA5-4BFE-91FF-56F5121D5A13}"
EndProject
Global
	GlobalSection(SolutionConfigurationPlatforms) = preSolution
		Debug|Any CPU = Debug|Any CPU
		Release|Any CPU = Release|Any CPU
	EndGlobalSection
	GlobalSection(ProjectConfigurationPlatforms) = postSolution
		{09C7142B-0CA5-4BFE-91FF-56F5121D5A13}.Debug|Any CPU.ActiveCfg = Debug|Any CPU
		{09C7142B-0CA5-4BFE-91FF-56F5121D5A13}.Debug|Any CPU.Build.0 = Debug|Any CPU
		{09C7142B-0CA5-4BFE-91FF-56F5121D5A13}.Debug|Any CPU.Deploy.0 = Debug|Any CPU
		{09C7142B-0CA5-4BFE-91FF-56F5121D5A13}.Release|Any CPU.ActiveCfg = Release|Any CPU
		{09C7142B-0CA5-4BFE-91FF-56F5121D5A13}.Release|Any CPU.Build.0 = Release|Any CPU
		{09C7142B-0CA5-4BFE-91FF-56F5121D5A13}.Release|Any CPU.Deploy.0 = Release|Any CPU
	EndGlobalSection
	GlobalSection(SolutionProperties) = preSolution
		HideSolutionNode = FALSE
	EndGlobalSection
	GlobalSection(ExtensibilityGlobals) = postSolution
		SolutionGuid = {61F7FB11-1E47-470C-91E2-47F8143E1572}
	EndGlobalSection
EndGlobal
