
Microsoft Visual Studio Solution File, Format Version 12.00
# Visual Studio Version 17
VisualStudioVersion = 17.3.32901.215
MinimumVisualStudioVersion = 10.0.40219.1
Project("{9A19103F-16F7-4668-BE54-9A1E7A4F7556}") = "CSWeb1PE", "CSWeb1PE\CSWeb1PE.csproj", "{FE57EF48-649D-48BD-B325-D66A73A04406}"
EndProject
Global
	GlobalSection(SolutionConfigurationPlatforms) = preSolution
		Debug|Any CPU = Debug|Any CPU
		Release|Any CPU = Release|Any CPU
	EndGlobalSection
	GlobalSection(ProjectConfigurationPlatforms) = postSolution
		{FE57EF48-649D-48BD-B325-D66A73A04406}.Debug|Any CPU.ActiveCfg = Debug|Any CPU
		{FE57EF48-649D-48BD-B325-D66A73A04406}.Debug|Any CPU.Build.0 = Debug|Any CPU
		{FE57EF48-649D-48BD-B325-D66A73A04406}.Release|Any CPU.ActiveCfg = Release|Any CPU
		{FE57EF48-649D-48BD-B325-D66A73A04406}.Release|Any CPU.Build.0 = Release|Any CPU
	EndGlobalSection
	GlobalSection(SolutionProperties) = preSolution
		HideSolutionNode = FALSE
	EndGlobalSection
	GlobalSection(ExtensibilityGlobals) = postSolution
		SolutionGuid = {169DDC25-59C7-43CC-BE9F-2FDB3F593444}
	EndGlobalSection
EndGlobal
